
Microsoft Visual Studio Solution File, Format Version 12.00
Project("{FAE04EC0-301F-11D3-BF4B-00C04F79EFBC}") = "LdLib", "LdLib\LdLib.csproj", "{126AC8C3-00F9-4E3F-8A1A-2101F446D6E9}"
EndProject
Project("{FAE04EC0-301F-11D3-BF4B-00C04F79EFBC}") = "LdEditor", "LdEditor\LdEditor.csproj", "{12D93B92-8B59-4E3F-88D9-E47792072352}"
EndProject
Project("{FAE04EC0-301F-11D3-BF4B-00C04F79EFBC}") = "LdGraphicalDiagram", "LdGraphicalDiagram\LdGraphicalDiagram.csproj", "{364B89F1-C6D3-4BCD-9FA8-542CA954973E}"
EndProject
Project("{FAE04EC0-301F-11D3-BF4B-00C04F79EFBC}") = "Tests", "Tests\Tests.csproj", "{0A8BB187-118E-498A-94DF-13B11857B0A5}"
EndProject
Global
	GlobalSection(SolutionConfigurationPlatforms) = preSolution
		Debug|Any CPU = Debug|Any CPU
		Release|Any CPU = Release|Any CPU
	EndGlobalSection
	GlobalSection(ProjectConfigurationPlatforms) = postSolution
		{126AC8C3-00F9-4E3F-8A1A-2101F446D6E9}.Debug|Any CPU.ActiveCfg = Debug|Any CPU
		{126AC8C3-00F9-4E3F-8A1A-2101F446D6E9}.Debug|Any CPU.Build.0 = Debug|Any CPU
		{126AC8C3-00F9-4E3F-8A1A-2101F446D6E9}.Release|Any CPU.ActiveCfg = Release|Any CPU
		{126AC8C3-00F9-4E3F-8A1A-2101F446D6E9}.Release|Any CPU.Build.0 = Release|Any CPU
		{12D93B92-8B59-4E3F-88D9-E47792072352}.Debug|Any CPU.ActiveCfg = Debug|Any CPU
		{12D93B92-8B59-4E3F-88D9-E47792072352}.Debug|Any CPU.Build.0 = Debug|Any CPU
		{12D93B92-8B59-4E3F-88D9-E47792072352}.Release|Any CPU.ActiveCfg = Release|Any CPU
		{12D93B92-8B59-4E3F-88D9-E47792072352}.Release|Any CPU.Build.0 = Release|Any CPU
		{364B89F1-C6D3-4BCD-9FA8-542CA954973E}.Debug|Any CPU.ActiveCfg = Debug|Any CPU
		{364B89F1-C6D3-4BCD-9FA8-542CA954973E}.Debug|Any CPU.Build.0 = Debug|Any CPU
		{364B89F1-C6D3-4BCD-9FA8-542CA954973E}.Release|Any CPU.ActiveCfg = Release|Any CPU
		{364B89F1-C6D3-4BCD-9FA8-542CA954973E}.Release|Any CPU.Build.0 = Release|Any CPU
		{0A8BB187-118E-498A-94DF-13B11857B0A5}.Debug|Any CPU.ActiveCfg = Debug|Any CPU
		{0A8BB187-118E-498A-94DF-13B11857B0A5}.Debug|Any CPU.Build.0 = Debug|Any CPU
		{0A8BB187-118E-498A-94DF-13B11857B0A5}.Release|Any CPU.ActiveCfg = Release|Any CPU
		{0A8BB187-118E-498A-94DF-13B11857B0A5}.Release|Any CPU.Build.0 = Release|Any CPU
	EndGlobalSection
EndGlobal
